
Microsoft Visual Studio Solution File, Format Version 12.00
# Visual Studio Version 17
VisualStudioVersion = 17.6.33723.286
MinimumVisualStudioVersion = 10.0.40219.1
Project("{8BC9CEB8-8B4A-11D0-8D11-00A0C91BC942}") = "ApeEscapeRle4", "ApeEscapeRle4\ApeEscapeRle4.vcxproj", "{F0D7B074-776D-4C83-BD0D-02CC4D8CBDB6}"
EndProject
Global
	GlobalSection(SolutionConfigurationPlatforms) = preSolution
		Debug|x64 = Debug|x64
		Debug|x86 = Debug|x86
		Release|x64 = Release|x64
		Release|x86 = Release|x86
	EndGlobalSection
	GlobalSection(ProjectConfigurationPlatforms) = postSolution
		{F0D7B074-776D-4C83-BD0D-02CC4D8CBDB6}.Debug|x64.ActiveCfg = Debug|x64
		{F0D7B074-776D-4C83-BD0D-02CC4D8CBDB6}.Debug|x64.Build.0 = Debug|x64
		{F0D7B074-776D-4C83-BD0D-02CC4D8CBDB6}.Debug|x86.ActiveCfg = Debug|Win32
		{F0D7B074-776D-4C83-BD0D-02CC4D8CBDB6}.Debug|x86.Build.0 = Debug|Win32
		{F0D7B074-776D-4C83-BD0D-02CC4D8CBDB6}.Release|x64.ActiveCfg = Release|x64
		{F0D7B074-776D-4C83-BD0D-02CC4D8CBDB6}.Release|x64.Build.0 = Release|x64
		{F0D7B074-776D-4C83-BD0D-02CC4D8CBDB6}.Release|x86.ActiveCfg = Release|Win32
		{F0D7B074-776D-4C83-BD0D-02CC4D8CBDB6}.Release|x86.Build.0 = Release|Win32
	EndGlobalSection
	GlobalSection(SolutionProperties) = preSolution
		HideSolutionNode = FALSE
	EndGlobalSection
	GlobalSection(ExtensibilityGlobals) = postSolution
		SolutionGuid = {A9C56302-CFA9-4D01-9E88-9856D1B0C470}
	EndGlobalSection
EndGlobal
